# This file was autogenerated by Stack.
# You should not edit this file by hand.
# For more information, please see the documentation at:
#   https://docs.haskellstack.org/en/stable/lock_files

packages:
- completed:
    hackage: serverless-haskell-0.12.1@sha256:21f14864bd578471b0de19d2adc1b6e1419b25367dfbb7f3b477e0b03e036eb3,2630
    pantry-tree:
      size: 1846
      sha256: 469b092c1a47ca527a25e1046c9d30adad2c9c6a086871190a5c6cb744c7f3ac
  original:
    hackage: serverless-haskell-0.12.1
snapshots:
- completed:
    size: 531696
    url: https://raw.githubusercontent.com/commercialhaskell/stackage-snapshots/master/lts/16/3.yaml
    sha256: 65e3a94c65ad07fa1913649e3f1e36c4af51bf528a5d9fd217bdc1b46d0477cc
  original: lts-16.3
